
Microsoft Visual Studio Solution File, Format Version 12.00
# Visual Studio 2012
Project("{FAE04EC0-301F-11D3-BF4B-00C04F79EFBC}") = "Smoke.DataFeed.Betfair", "Smoke.DataFeed.Betfair\Smoke.DataFeed.Betfair.csproj", "{5737884C-BE2F-43A3-A0D1-7442D2C212D0}"
EndProject
Project("{FAE04EC0-301F-11D3-BF4B-00C04F79EFBC}") = "Smoke.Domain", "Smoke.Domain\Smoke.Domain.csproj", "{F72C0C5D-BC4E-449A-A3AF-4A11470716CA}"
EndProject
Project("{FAE04EC0-301F-11D3-BF4B-00C04F79EFBC}") = "Smoke.Utilities", "Smoke.Utilities\Smoke.Utilities.csproj", "{B458BD8B-2D1D-44DB-B0F3-9F2D7D790740}"
EndProject
Project("{FAE04EC0-301F-11D3-BF4B-00C04F79EFBC}") = "Smoke.Test", "Smoke.Test\Smoke.Test.csproj", "{2DA96A4A-9ACF-4197-8163-52A04945C13F}"
EndProject
Project("{FAE04EC0-301F-11D3-BF4B-00C04F79EFBC}") = "Smoke.DataFeed.Coordinator", "Smoke.DataFeed.Coordinator\Smoke.DataFeed.Coordinator.csproj", "{9449A200-9497-4C6B-B453-433D16B45E78}"
EndProject
Project("{2150E333-8FDC-42A3-9474-1A3956D46DE8}") = "Files", "Files", "{FBE846E2-D3D4-4125-B487-4CBF2BCB27D9}"
	ProjectSection(SolutionItems) = preProject
		Files\Math Behind Tamerlane.docx = Files\Math Behind Tamerlane.docx
		Files\RunnerAliases.xml = Files\RunnerAliases.xml
		Files\Tamerlane - Derivation of CBA formula.JPG = Files\Tamerlane - Derivation of CBA formula.JPG
	EndProjectSection
EndProject
Project("{FAE04EC0-301F-11D3-BF4B-00C04F79EFBC}") = "Smoke.Tamerlane.UI", "Smoke.GenghisII\Smoke.Tamerlane.UI.csproj", "{F216B2E8-6566-4C4F-AD59-72F208B16067}"
EndProject
Project("{FAE04EC0-301F-11D3-BF4B-00C04F79EFBC}") = "Smoke.DataFeed.Betfair.ConsoleHost", "Smoke.DataFeed.Betfair.ConsoleHost\Smoke.DataFeed.Betfair.ConsoleHost.csproj", "{4AEAFC3F-91DA-45B1-9CD6-2D82600E0CBF}"
EndProject
Project("{FAE04EC0-301F-11D3-BF4B-00C04F79EFBC}") = "Smoke.Tamerlane", "Smoke.Tamerlane\Smoke.Tamerlane.csproj", "{8A4EA9E3-6C16-4295-A92A-E30CC1BB6AD9}"
EndProject
Project("{FAE04EC0-301F-11D3-BF4B-00C04F79EFBC}") = "Smoke.DataFeed.LiveScores", "Smoke.DataFeed.LiveScores\Smoke.DataFeed.LiveScores.csproj", "{A3C7AD29-5D92-41D2-8436-E83B4CD09033}"
EndProject
Project("{FAE04EC0-301F-11D3-BF4B-00C04F79EFBC}") = "Smoke.DataFeed.LiveScores.ConsoleHost", "Smoke.DataFeed.LiveScores.ConsoleHost\Smoke.DataFeed.LiveScores.ConsoleHost.csproj", "{92DB8545-7EB2-4B25-97C3-227B0E6F0C2A}"
EndProject
Global
	GlobalSection(SolutionConfigurationPlatforms) = preSolution
		Debug|Any CPU = Debug|Any CPU
		Release|Any CPU = Release|Any CPU
	EndGlobalSection
	GlobalSection(ProjectConfigurationPlatforms) = postSolution
		{5737884C-BE2F-43A3-A0D1-7442D2C212D0}.Debug|Any CPU.ActiveCfg = Debug|Any CPU
		{5737884C-BE2F-43A3-A0D1-7442D2C212D0}.Debug|Any CPU.Build.0 = Debug|Any CPU
		{5737884C-BE2F-43A3-A0D1-7442D2C212D0}.Release|Any CPU.ActiveCfg = Release|Any CPU
		{5737884C-BE2F-43A3-A0D1-7442D2C212D0}.Release|Any CPU.Build.0 = Release|Any CPU
		{F72C0C5D-BC4E-449A-A3AF-4A11470716CA}.Debug|Any CPU.ActiveCfg = Debug|Any CPU
		{F72C0C5D-BC4E-449A-A3AF-4A11470716CA}.Debug|Any CPU.Build.0 = Debug|Any CPU
		{F72C0C5D-BC4E-449A-A3AF-4A11470716CA}.Release|Any CPU.ActiveCfg = Release|Any CPU
		{F72C0C5D-BC4E-449A-A3AF-4A11470716CA}.Release|Any CPU.Build.0 = Release|Any CPU
		{B458BD8B-2D1D-44DB-B0F3-9F2D7D790740}.Debug|Any CPU.ActiveCfg = Debug|Any CPU
		{B458BD8B-2D1D-44DB-B0F3-9F2D7D790740}.Debug|Any CPU.Build.0 = Debug|Any CPU
		{B458BD8B-2D1D-44DB-B0F3-9F2D7D790740}.Release|Any CPU.ActiveCfg = Release|Any CPU
		{B458BD8B-2D1D-44DB-B0F3-9F2D7D790740}.Release|Any CPU.Build.0 = Release|Any CPU
		{2DA96A4A-9ACF-4197-8163-52A04945C13F}.Debug|Any CPU.ActiveCfg = Debug|Any CPU
		{2DA96A4A-9ACF-4197-8163-52A04945C13F}.Debug|Any CPU.Build.0 = Debug|Any CPU
		{2DA96A4A-9ACF-4197-8163-52A04945C13F}.Release|Any CPU.ActiveCfg = Release|Any CPU
		{2DA96A4A-9ACF-4197-8163-52A04945C13F}.Release|Any CPU.Build.0 = Release|Any CPU
		{9449A200-9497-4C6B-B453-433D16B45E78}.Debug|Any CPU.ActiveCfg = Debug|Any CPU
		{9449A200-9497-4C6B-B453-433D16B45E78}.Debug|Any CPU.Build.0 = Debug|Any CPU
		{9449A200-9497-4C6B-B453-433D16B45E78}.Release|Any CPU.ActiveCfg = Release|Any CPU
		{9449A200-9497-4C6B-B453-433D16B45E78}.Release|Any CPU.Build.0 = Release|Any CPU
		{F216B2E8-6566-4C4F-AD59-72F208B16067}.Debug|Any CPU.ActiveCfg = Debug|Any CPU
		{F216B2E8-6566-4C4F-AD59-72F208B16067}.Debug|Any CPU.Build.0 = Debug|Any CPU
		{F216B2E8-6566-4C4F-AD59-72F208B16067}.Release|Any CPU.ActiveCfg = Release|Any CPU
		{F216B2E8-6566-4C4F-AD59-72F208B16067}.Release|Any CPU.Build.0 = Release|Any CPU
		{4AEAFC3F-91DA-45B1-9CD6-2D82600E0CBF}.Debug|Any CPU.ActiveCfg = Debug|Any CPU
		{4AEAFC3F-91DA-45B1-9CD6-2D82600E0CBF}.Debug|Any CPU.Build.0 = Debug|Any CPU
		{4AEAFC3F-91DA-45B1-9CD6-2D82600E0CBF}.Release|Any CPU.ActiveCfg = Release|Any CPU
		{4AEAFC3F-91DA-45B1-9CD6-2D82600E0CBF}.Release|Any CPU.Build.0 = Release|Any CPU
		{8A4EA9E3-6C16-4295-A92A-E30CC1BB6AD9}.Debug|Any CPU.ActiveCfg = Debug|Any CPU
		{8A4EA9E3-6C16-4295-A92A-E30CC1BB6AD9}.Debug|Any CPU.Build.0 = Debug|Any CPU
		{8A4EA9E3-6C16-4295-A92A-E30CC1BB6AD9}.Release|Any CPU.ActiveCfg = Release|Any CPU
		{8A4EA9E3-6C16-4295-A92A-E30CC1BB6AD9}.Release|Any CPU.Build.0 = Release|Any CPU
		{A3C7AD29-5D92-41D2-8436-E83B4CD09033}.Debug|Any CPU.ActiveCfg = Debug|Any CPU
		{A3C7AD29-5D92-41D2-8436-E83B4CD09033}.Debug|Any CPU.Build.0 = Debug|Any CPU
		{A3C7AD29-5D92-41D2-8436-E83B4CD09033}.Release|Any CPU.ActiveCfg = Release|Any CPU
		{A3C7AD29-5D92-41D2-8436-E83B4CD09033}.Release|Any CPU.Build.0 = Release|Any CPU
		{92DB8545-7EB2-4B25-97C3-227B0E6F0C2A}.Debug|Any CPU.ActiveCfg = Debug|Any CPU
		{92DB8545-7EB2-4B25-97C3-227B0E6F0C2A}.Debug|Any CPU.Build.0 = Debug|Any CPU
		{92DB8545-7EB2-4B25-97C3-227B0E6F0C2A}.Release|Any CPU.ActiveCfg = Release|Any CPU
		{92DB8545-7EB2-4B25-97C3-227B0E6F0C2A}.Release|Any CPU.Build.0 = Release|Any CPU
	EndGlobalSection
	GlobalSection(SolutionProperties) = preSolution
		HideSolutionNode = FALSE
	EndGlobalSection
EndGlobal
